
Microsoft Visual Studio Solution File, Format Version 12.00
# Visual Studio Version 17
VisualStudioVersion = 17.5.2.0
MinimumVisualStudioVersion = 10.0.40219.1
Project("{2150E333-8FDC-42A3-9474-1A3956D46DE8}") = "tests", "tests", "{0AB3BF05-4346-4AA6-1389-037BE0695223}"
EndProject
Project("{2150E333-8FDC-42A3-9474-1A3956D46DE8}") = "services", "services", "{4353066B-F410-E540-F593-55E469B78A5F}"
EndProject
Project("{FAE04EC0-301F-11D3-BF4B-00C04F79EFBC}") = "project-service.Tests", "tests\services\project-service.Tests\project-service.Tests.csproj", "{F31AC9C6-0926-E110-2C8A-02380490B4EC}"
EndProject
Project("{2150E333-8FDC-42A3-9474-1A3956D46DE8}") = "src", "src", "{827E0CD3-B72D-47B6-A68D-7590B98EB39B}"
EndProject
Project("{2150E333-8FDC-42A3-9474-1A3956D46DE8}") = "services", "services", "{984BB9B3-3FA3-BE33-9484-CAC21695A33C}"
EndProject
Project("{FAE04EC0-301F-11D3-BF4B-00C04F79EFBC}") = "project-service", "src\services\project-service\project-service.csproj", "{E950F28C-6024-4077-B018-74B12A1A095F}"
EndProject
Project("{FAE04EC0-301F-11D3-BF4B-00C04F79EFBC}") = "authentication-service.Tests", "tests\services\authentication-service.Tests\authentication-service.Tests.csproj", "{A226034E-94CE-40D5-8C1C-52C82A481C49}"
EndProject
Project("{FAE04EC0-301F-11D3-BF4B-00C04F79EFBC}") = "authentication-service", "src\services\authentication-service\authentication-service.csproj", "{8D31900D-5956-40FF-A6C1-C3433C7ACB28}"
EndProject
Project("{FAE04EC0-301F-11D3-BF4B-00C04F79EFBC}") = "shared", "src\shared\shared.csproj", "{4447EA70-2F6A-4509-A659-E7BBEFAF6A8A}"
EndProject
Global
	GlobalSection(SolutionConfigurationPlatforms) = preSolution
		Debug|Any CPU = Debug|Any CPU
		Debug|x64 = Debug|x64
		Debug|x86 = Debug|x86
		Release|Any CPU = Release|Any CPU
		Release|x64 = Release|x64
		Release|x86 = Release|x86
	EndGlobalSection
	GlobalSection(ProjectConfigurationPlatforms) = postSolution
		{F31AC9C6-0926-E110-2C8A-02380490B4EC}.Debug|Any CPU.ActiveCfg = Debug|Any CPU
		{F31AC9C6-0926-E110-2C8A-02380490B4EC}.Debug|Any CPU.Build.0 = Debug|Any CPU
		{F31AC9C6-0926-E110-2C8A-02380490B4EC}.Debug|x64.ActiveCfg = Debug|Any CPU
		{F31AC9C6-0926-E110-2C8A-02380490B4EC}.Debug|x64.Build.0 = Debug|Any CPU
		{F31AC9C6-0926-E110-2C8A-02380490B4EC}.Debug|x86.ActiveCfg = Debug|Any CPU
		{F31AC9C6-0926-E110-2C8A-02380490B4EC}.Debug|x86.Build.0 = Debug|Any CPU
		{F31AC9C6-0926-E110-2C8A-02380490B4EC}.Release|Any CPU.ActiveCfg = Release|Any CPU
		{F31AC9C6-0926-E110-2C8A-02380490B4EC}.Release|Any CPU.Build.0 = Release|Any CPU
		{F31AC9C6-0926-E110-2C8A-02380490B4EC}.Release|x64.ActiveCfg = Release|Any CPU
		{F31AC9C6-0926-E110-2C8A-02380490B4EC}.Release|x64.Build.0 = Release|Any CPU
		{F31AC9C6-0926-E110-2C8A-02380490B4EC}.Release|x86.ActiveCfg = Release|Any CPU
		{F31AC9C6-0926-E110-2C8A-02380490B4EC}.Release|x86.Build.0 = Release|Any CPU
		{E950F28C-6024-4077-B018-74B12A1A095F}.Debug|Any CPU.ActiveCfg = Debug|Any CPU
		{E950F28C-6024-4077-B018-74B12A1A095F}.Debug|Any CPU.Build.0 = Debug|Any CPU
		{E950F28C-6024-4077-B018-74B12A1A095F}.Debug|x64.ActiveCfg = Debug|Any CPU
		{E950F28C-6024-4077-B018-74B12A1A095F}.Debug|x64.Build.0 = Debug|Any CPU
		{E950F28C-6024-4077-B018-74B12A1A095F}.Debug|x86.ActiveCfg = Debug|Any CPU
		{E950F28C-6024-4077-B018-74B12A1A095F}.Debug|x86.Build.0 = Debug|Any CPU
		{E950F28C-6024-4077-B018-74B12A1A095F}.Release|Any CPU.ActiveCfg = Release|Any CPU
		{E950F28C-6024-4077-B018-74B12A1A095F}.Release|Any CPU.Build.0 = Release|Any CPU
		{E950F28C-6024-4077-B018-74B12A1A095F}.Release|x64.ActiveCfg = Release|Any CPU
		{E950F28C-6024-4077-B018-74B12A1A095F}.Release|x64.Build.0 = Release|Any CPU
		{E950F28C-6024-4077-B018-74B12A1A095F}.Release|x86.ActiveCfg = Release|Any CPU
		{E950F28C-6024-4077-B018-74B12A1A095F}.Release|x86.Build.0 = Release|Any CPU
		{A226034E-94CE-40D5-8C1C-52C82A481C49}.Debug|Any CPU.ActiveCfg = Debug|Any CPU
		{A226034E-94CE-40D5-8C1C-52C82A481C49}.Debug|Any CPU.Build.0 = Debug|Any CPU
		{A226034E-94CE-40D5-8C1C-52C82A481C49}.Debug|x64.ActiveCfg = Debug|Any CPU
		{A226034E-94CE-40D5-8C1C-52C82A481C49}.Debug|x64.Build.0 = Debug|Any CPU
		{A226034E-94CE-40D5-8C1C-52C82A481C49}.Debug|x86.ActiveCfg = Debug|Any CPU
		{A226034E-94CE-40D5-8C1C-52C82A481C49}.Debug|x86.Build.0 = Debug|Any CPU
		{A226034E-94CE-40D5-8C1C-52C82A481C49}.Release|Any CPU.ActiveCfg = Release|Any CPU
		{A226034E-94CE-40D5-8C1C-52C82A481C49}.Release|Any CPU.Build.0 = Release|Any CPU
		{A226034E-94CE-40D5-8C1C-52C82A481C49}.Release|x64.ActiveCfg = Release|Any CPU
		{A226034E-94CE-40D5-8C1C-52C82A481C49}.Release|x64.Build.0 = Release|Any CPU
		{A226034E-94CE-40D5-8C1C-52C82A481C49}.Release|x86.ActiveCfg = Release|Any CPU
		{A226034E-94CE-40D5-8C1C-52C82A481C49}.Release|x86.Build.0 = Release|Any CPU
		{8D31900D-5956-40FF-A6C1-C3433C7ACB28}.Debug|Any CPU.ActiveCfg = Debug|Any CPU
		{8D31900D-5956-40FF-A6C1-C3433C7ACB28}.Debug|Any CPU.Build.0 = Debug|Any CPU
		{8D31900D-5956-40FF-A6C1-C3433C7ACB28}.Debug|x64.ActiveCfg = Debug|Any CPU
		{8D31900D-5956-40FF-A6C1-C3433C7ACB28}.Debug|x64.Build.0 = Debug|Any CPU
		{8D31900D-5956-40FF-A6C1-C3433C7ACB28}.Debug|x86.ActiveCfg = Debug|Any CPU
		{8D31900D-5956-40FF-A6C1-C3433C7ACB28}.Debug|x86.Build.0 = Debug|Any CPU
		{8D31900D-5956-40FF-A6C1-C3433C7ACB28}.Release|Any CPU.ActiveCfg = Release|Any CPU
		{8D31900D-5956-40FF-A6C1-C3433C7ACB28}.Release|Any CPU.Build.0 = Release|Any CPU
		{8D31900D-5956-40FF-A6C1-C3433C7ACB28}.Release|x64.ActiveCfg = Release|Any CPU
		{8D31900D-5956-40FF-A6C1-C3433C7ACB28}.Release|x64.Build.0 = Release|Any CPU
		{8D31900D-5956-40FF-A6C1-C3433C7ACB28}.Release|x86.ActiveCfg = Release|Any CPU
		{8D31900D-5956-40FF-A6C1-C3433C7ACB28}.Release|x86.Build.0 = Release|Any CPU
		{4447EA70-2F6A-4509-A659-E7BBEFAF6A8A}.Debug|Any CPU.ActiveCfg = Debug|Any CPU
		{4447EA70-2F6A-4509-A659-E7BBEFAF6A8A}.Debug|Any CPU.Build.0 = Debug|Any CPU
		{4447EA70-2F6A-4509-A659-E7BBEFAF6A8A}.Debug|x64.ActiveCfg = Debug|Any CPU
		{4447EA70-2F6A-4509-A659-E7BBEFAF6A8A}.Debug|x64.Build.0 = Debug|Any CPU
		{4447EA70-2F6A-4509-A659-E7BBEFAF6A8A}.Debug|x86.ActiveCfg = Debug|Any CPU
		{4447EA70-2F6A-4509-A659-E7BBEFAF6A8A}.Debug|x86.Build.0 = Debug|Any CPU
		{4447EA70-2F6A-4509-A659-E7BBEFAF6A8A}.Release|Any CPU.ActiveCfg = Release|Any CPU
		{4447EA70-2F6A-4509-A659-E7BBEFAF6A8A}.Release|Any CPU.Build.0 = Release|Any CPU
		{4447EA70-2F6A-4509-A659-E7BBEFAF6A8A}.Release|x64.ActiveCfg = Release|Any CPU
		{4447EA70-2F6A-4509-A659-E7BBEFAF6A8A}.Release|x64.Build.0 = Release|Any CPU
		{4447EA70-2F6A-4509-A659-E7BBEFAF6A8A}.Release|x86.ActiveCfg = Release|Any CPU
		{4447EA70-2F6A-4509-A659-E7BBEFAF6A8A}.Release|x86.Build.0 = Release|Any CPU
	EndGlobalSection
	GlobalSection(SolutionProperties) = preSolution
		HideSolutionNode = FALSE
	EndGlobalSection
	GlobalSection(NestedProjects) = preSolution
		{4353066B-F410-E540-F593-55E469B78A5F} = {0AB3BF05-4346-4AA6-1389-037BE0695223}
		{F31AC9C6-0926-E110-2C8A-02380490B4EC} = {4353066B-F410-E540-F593-55E469B78A5F}
		{984BB9B3-3FA3-BE33-9484-CAC21695A33C} = {827E0CD3-B72D-47B6-A68D-7590B98EB39B}
		{E950F28C-6024-4077-B018-74B12A1A095F} = {984BB9B3-3FA3-BE33-9484-CAC21695A33C}
		{A226034E-94CE-40D5-8C1C-52C82A481C49} = {4353066B-F410-E540-F593-55E469B78A5F}
		{8D31900D-5956-40FF-A6C1-C3433C7ACB28} = {984BB9B3-3FA3-BE33-9484-CAC21695A33C}
		{4447EA70-2F6A-4509-A659-E7BBEFAF6A8A} = {827E0CD3-B72D-47B6-A68D-7590B98EB39B}
	EndGlobalSection
	GlobalSection(ExtensibilityGlobals) = postSolution
		SolutionGuid = {A4856F29-FFDB-420D-98AA-A8322DF312B7}
	EndGlobalSection
EndGlobal
